
Microsoft Visual Studio Solution File, Format Version 12.00
# Visual Studio Version 17
VisualStudioVersion = 17.0.31903.59
MinimumVisualStudioVersion = 10.0.40219.1
Project("{FAE04EC0-301F-11D3-BF4B-00C04F79EFBC}") = "AccountantHub.Infrastructure", "AccountantHub.Infrastructure\AccountantHub.Infrastructure.csproj", "{FA1960D8-DE64-4420-83C1-23F063D3913D}"
EndProject
Project("{FAE04EC0-301F-11D3-BF4B-00C04F79EFBC}") = "AccountantHub.API", "AccountantHub.API\AccountantHub.API.csproj", "{249079CD-E924-4C04-AACC-452D2614A27A}"
EndProject
Global
	GlobalSection(SolutionConfigurationPlatforms) = preSolution
		Debug|Any CPU = Debug|Any CPU
		Release|Any CPU = Release|Any CPU
	EndGlobalSection
	GlobalSection(SolutionProperties) = preSolution
		HideSolutionNode = FALSE
	EndGlobalSection
	GlobalSection(ProjectConfigurationPlatforms) = postSolution
		{FA1960D8-DE64-4420-83C1-23F063D3913D}.Debug|Any CPU.ActiveCfg = Debug|Any CPU
		{FA1960D8-DE64-4420-83C1-23F063D3913D}.Debug|Any CPU.Build.0 = Debug|Any CPU
		{FA1960D8-DE64-4420-83C1-23F063D3913D}.Release|Any CPU.ActiveCfg = Release|Any CPU
		{FA1960D8-DE64-4420-83C1-23F063D3913D}.Release|Any CPU.Build.0 = Release|Any CPU
		{249079CD-E924-4C04-AACC-452D2614A27A}.Debug|Any CPU.ActiveCfg = Debug|Any CPU
		{249079CD-E924-4C04-AACC-452D2614A27A}.Debug|Any CPU.Build.0 = Debug|Any CPU
		{249079CD-E924-4C04-AACC-452D2614A27A}.Release|Any CPU.ActiveCfg = Release|Any CPU
		{249079CD-E924-4C04-AACC-452D2614A27A}.Release|Any CPU.Build.0 = Release|Any CPU
	EndGlobalSection
EndGlobal
